
Microsoft Visual Studio Solution File, Format Version 12.00
# Visual Studio Version 17
VisualStudioVersion = 17.5.33516.290
MinimumVisualStudioVersion = 10.0.40219.1
Project("{FAE04EC0-301F-11D3-BF4B-00C04F79EFBC}") = "Đồ án cơ sở", "Đồ án cơ sở\Đồ án cơ sở.csproj", "{6B1B8277-36EE-45BB-8D45-1F18A5CEADD6}"
EndProject
Global
	GlobalSection(SolutionConfigurationPlatforms) = preSolution
		Debug|Any CPU = Debug|Any CPU
		Release|Any CPU = Release|Any CPU
	EndGlobalSection
	GlobalSection(ProjectConfigurationPlatforms) = postSolution
		{6B1B8277-36EE-45BB-8D45-1F18A5CEADD6}.Debug|Any CPU.ActiveCfg = Debug|Any CPU
		{6B1B8277-36EE-45BB-8D45-1F18A5CEADD6}.Debug|Any CPU.Build.0 = Debug|Any CPU
		{6B1B8277-36EE-45BB-8D45-1F18A5CEADD6}.Release|Any CPU.ActiveCfg = Release|Any CPU
		{6B1B8277-36EE-45BB-8D45-1F18A5CEADD6}.Release|Any CPU.Build.0 = Release|Any CPU
	EndGlobalSection
	GlobalSection(SolutionProperties) = preSolution
		HideSolutionNode = FALSE
	EndGlobalSection
	GlobalSection(ExtensibilityGlobals) = postSolution
		SolutionGuid = {3BEF67A6-1BE4-4B38-80EE-88FE6646047F}
	EndGlobalSection
EndGlobal
